// !$*UTF8*$!
{
	archiveVersion = 1;
	classes = {
	};
	objectVersion = 46;
	objects = {

/* Begin PBXBuildFile section */
		8C59F2551F907D7000BE37BB /* AppDelegate.swift in Sources */ = {isa = PBXBuildFile; fileRef = 8C59F2541F907D7000BE37BB /* AppDelegate.swift */; };
		8C59F2571F907D7000BE37BB /* ViewController.swift in Sources */ = {isa = PBXBuildFile; fileRef = 8C59F2561F907D7000BE37BB /* ViewController.swift */; };
		8C59F25A1F907D7000BE37BB /* Main.storyboard in Resources */ = {isa = PBXBuildFile; fileRef = 8C59F2581F907D7000BE37BB /* Main.storyboard */; };
		8C59F25C1F907D7000BE37BB /* Assets.xcassets in Resources */ = {isa = PBXBuildFile; fileRef = 8C59F25B1F907D7000BE37BB /* Assets.xcassets */; };
		8C59F25F1F907D7000BE37BB /* LaunchScreen.storyboard in Resources */ = {isa = PBXBuildFile; fileRef = 8C59F25D1F907D7000BE37BB /* LaunchScreen.storyboard */; };
		8C59F26A1F907D7000BE37BB /* SettingsBundleSampleTests.swift in Sources */ = {isa = PBXBuildFile; fileRef = 8C59F2691F907D7000BE37BB /* SettingsBundleSampleTests.swift */; };
		8C59F2751F907D7000BE37BB /* SettingsBundleSampleUITests.swift in Sources */ = {isa = PBXBuildFile; fileRef = 8C59F2741F907D7000BE37BB /* SettingsBundleSampleUITests.swift */; };
		8C59F2831F907DB900BE37BB /* Settings.bundle in Resources */ = {isa = PBXBuildFile; fileRef = 8C59F2821F907DB900BE37BB /* Settings.bundle */; };
		8C59F2871F909BFA00BE37BB /* ViewController2.swift in Sources */ = {isa = PBXBuildFile; fileRef = 8C59F2861F909BFA00BE37BB /* ViewController2.swift */; };
/* End PBXBuildFile section */

/* Begin PBXContainerItemProxy section */
		8C59F2661F907D7000BE37BB /* PBXContainerItemProxy */ = {
			isa = PBXContainerItemProxy;
			containerPortal = 8C59F2491F907D7000BE37BB /* Project object */;
			proxyType = 1;
			remoteGlobalIDString = 8C59F2501F907D7000BE37BB;
			remoteInfo = SettingsBundleSample;
		};
		8C59F2711F907D7000BE37BB /* PBXContainerItemProxy */ = {
			isa = PBXContainerItemProxy;
			containerPortal = 8C59F2491F907D7000BE37BB /* Project object */;
			proxyType = 1;
			remoteGlobalIDString = 8C59F2501F907D7000BE37BB;
			remoteInfo = SettingsBundleSample;
		};
/* End PBXContainerItemProxy section */

/* Begin PBXFileReference section */
		8C59F2511F907D7000BE37BB /* SettingsBundleSample.app */ = {isa = PBXFileReference; explicitFileType = wrapper.application; includeInIndex = 0; path = SettingsBundleSample.app; sourceTree = BUILT_PRODUCTS_DIR; };
		8C59F2541F907D7000BE37BB /* AppDelegate.swift */ = {isa = PBXFileReference; lastKnownFileType = sourcecode.swift; path = AppDelegate.swift; sourceTree = "<group>"; };
		8C59F2561F907D7000BE37BB /* ViewController.swift */ = {isa = PBXFileReference; lastKnownFileType = sourcecode.swift; path = ViewController.swift; sourceTree = "<group>"; };
		8C59F2591F907D7000BE37BB /* Base */ = {isa = PBXFileReference; lastKnownFileType = file.storyboard; name = Base; path = Base.lproj/Main.storyboard; sourceTree = "<group>"; };
		8C59F25B1F907D7000BE37BB /* Assets.xcassets */ = {isa = PBXFileReference; lastKnownFileType = folder.assetcatalog; path = Assets.xcassets; sourceTree = "<group>"; };
		8C59F25E1F907D7000BE37BB /* Base */ = {isa = PBXFileReference; lastKnownFileType = file.storyboard; name = Base; path = Base.lproj/LaunchScreen.storyboard; sourceTree = "<group>"; };
		8C59F2601F907D7000BE37BB /* Info.plist */ = {isa = PBXFileReference; lastKnownFileType = text.plist.xml; path = Info.plist; sourceTree = "<group>"; };
		8C59F2651F907D7000BE37BB /* SettingsBundleSampleTests.xctest */ = {isa = PBXFileReference; explicitFileType = wrapper.cfbundle; includeInIndex = 0; path = SettingsBundleSampleTests.xctest; sourceTree = BUILT_PRODUCTS_DIR; };
		8C59F2691F907D7000BE37BB /* SettingsBundleSampleTests.swift */ = {isa = PBXFileReference; lastKnownFileType = sourcecode.swift; path = SettingsBundleSampleTests.swift; sourceTree = "<group>"; };
		8C59F26B1F907D7000BE37BB /* Info.plist */ = {isa = PBXFileReference; lastKnownFileType = text.plist.xml; path = Info.plist; sourceTree = "<group>"; };
		8C59F2701F907D7000BE37BB /* SettingsBundleSampleUITests.xctest */ = {isa = PBXFileReference; explicitFileType = wrapper.cfbundle; includeInIndex = 0; path = SettingsBundleSampleUITests.xctest; sourceTree = BUILT_PRODUCTS_DIR; };
		8C59F2741F907D7000BE37BB /* SettingsBundleSampleUITests.swift */ = {isa = PBXFileReference; lastKnownFileType = sourcecode.swift; path = SettingsBundleSampleUITests.swift; sourceTree = "<group>"; };
		8C59F2761F907D7000BE37BB /* Info.plist */ = {isa = PBXFileReference; lastKnownFileType = text.plist.xml; path = Info.plist; sourceTree = "<group>"; };
		8C59F2821F907DB900BE37BB /* Settings.bundle */ = {isa = PBXFileReference; lastKnownFileType = "wrapper.plug-in"; path = Settings.bundle; sourceTree = "<group>"; };
		8C59F2861F909BFA00BE37BB /* ViewController2.swift */ = {isa = PBXFileReference; fileEncoding = 4; lastKnownFileType = sourcecode.swift; path = ViewController2.swift; sourceTree = "<group>"; };
/* End PBXFileReference section */

/* Begin PBXFrameworksBuildPhase section */
		8C59F24E1F907D7000BE37BB /* Frameworks */ = {
			isa = PBXFrameworksBuildPhase;
			buildActionMask = 2147483647;
			files = (
			);
			runOnlyForDeploymentPostprocessing = 0;
		};
		8C59F2621F907D7000BE37BB /* Frameworks */ = {
			isa = PBXFrameworksBuildPhase;
			buildActionMask = 2147483647;
			files = (
			);
			runOnlyForDeploymentPostprocessing = 0;
		};
		8C59F26D1F907D7000BE37BB /* Frameworks */ = {
			isa = PBXFrameworksBuildPhase;
			buildActionMask = 2147483647;
			files = (
			);
			runOnlyForDeploymentPostprocessing = 0;
		};
/* End PBXFrameworksBuildPhase section */

/* Begin PBXGroup section */
		8C59F2481F907D7000BE37BB = {
			isa = PBXGroup;
			children = (
				8C59F2531F907D7000BE37BB /* SettingsBundleSample */,
				8C59F2681F907D7000BE37BB /* SettingsBundleSampleTests */,
				8C59F2731F907D7000BE37BB /* SettingsBundleSampleUITests */,
				8C59F2521F907D7000BE37BB /* Products */,
			);
			sourceTree = "<group>";
		};
		8C59F2521F907D7000BE37BB /* Products */ = {
			isa = PBXGroup;
			children = (
				8C59F2511F907D7000BE37BB /* SettingsBundleSample.app */,
				8C59F2651F907D7000BE37BB /* SettingsBundleSampleTests.xctest */,
				8C59F2701F907D7000BE37BB /* SettingsBundleSampleUITests.xctest */,
			);
			name = Products;
			sourceTree = "<group>";
		};
		8C59F2531F907D7000BE37BB /* SettingsBundleSample */ = {
			isa = PBXGroup;
			children = (
				8C59F2541F907D7000BE37BB /* AppDelegate.swift */,
				8C59F2561F907D7000BE37BB /* ViewController.swift */,
				8C59F2581F907D7000BE37BB /* Main.storyboard */,
				8C59F25B1F907D7000BE37BB /* Assets.xcassets */,
				8C59F25D1F907D7000BE37BB /* LaunchScreen.storyboard */,
				8C59F2601F907D7000BE37BB /* Info.plist */,
				8C59F2821F907DB900BE37BB /* Settings.bundle */,
				8C59F2861F909BFA00BE37BB /* ViewController2.swift */,
			);
			path = SettingsBundleSample;
			sourceTree = "<group>";
		};
		8C59F2681F907D7000BE37BB /* SettingsBundleSampleTests */ = {
			isa = PBXGroup;
			children = (
				8C59F2691F907D7000BE37BB /* SettingsBundleSampleTests.swift */,
				8C59F26B1F907D7000BE37BB /* Info.plist */,
			);
			path = SettingsBundleSampleTests;
			sourceTree = "<group>";
		};
		8C59F2731F907D7000BE37BB /* SettingsBundleSampleUITests */ = {
			isa = PBXGroup;
			children = (
				8C59F2741F907D7000BE37BB /* SettingsBundleSampleUITests.swift */,
				8C59F2761F907D7000BE37BB /* Info.plist */,
			);
			path = SettingsBundleSampleUITests;
			sourceTree = "<group>";
		};
/* End PBXGroup section */

/* Begin PBXNativeTarget section */
		8C59F2501F907D7000BE37BB /* SettingsBundleSample */ = {
			isa = PBXNativeTarget;
			buildConfigurationList = 8C59F2791F907D7000BE37BB /* Build configuration list for PBXNativeTarget "SettingsBundleSample" */;
			buildPhases = (
				8C59F24D1F907D7000BE37BB /* Sources */,
				8C59F24E1F907D7000BE37BB /* Frameworks */,
				8C59F24F1F907D7000BE37BB /* Resources */,
			);
			buildRules = (
			);
			dependencies = (
			);
			name = SettingsBundleSample;
			productName = SettingsBundleSample;
			productReference = 8C59F2511F907D7000BE37BB /* SettingsBundleSample.app */;
			productType = "com.apple.product-type.application";
		};
		8C59F2641F907D7000BE37BB /* SettingsBundleSampleTests */ = {
			isa = PBXNativeTarget;
			buildConfigurationList = 8C59F27C1F907D7000BE37BB /* Build configuration list for PBXNativeTarget "SettingsBundleSampleTests" */;
			buildPhases = (
				8C59F2611F907D7000BE37BB /* Sources */,
				8C59F2621F907D7000BE37BB /* Frameworks */,
				8C59F2631F907D7000BE37BB /* Resources */,
			);
			buildRules = (
			);
			dependencies = (
				8C59F2671F907D7000BE37BB /* PBXTargetDependency */,
			);
			name = SettingsBundleSampleTests;
			productName = SettingsBundleSampleTests;
			productReference = 8C59F2651F907D7000BE37BB /* SettingsBundleSampleTests.xctest */;
			productType = "com.apple.product-type.bundle.unit-test";
		};
		8C59F26F1F907D7000BE37BB /* SettingsBundleSampleUITests */ = {
			isa = PBXNativeTarget;
			buildConfigurationList = 8C59F27F1F907D7000BE37BB /* Build configuration list for PBXNativeTarget "SettingsBundleSampleUITests" */;
			buildPhases = (
				8C59F26C1F907D7000BE37BB /* Sources */,
				8C59F26D1F907D7000BE37BB /* Frameworks */,
				8C59F26E1F907D7000BE37BB /* Resources */,
			);
			buildRules = (
			);
			dependencies = (
				8C59F2721F907D7000BE37BB /* PBXTargetDependency */,
			);
			name = SettingsBundleSampleUITests;
			productName = SettingsBundleSampleUITests;
			productReference = 8C59F2701F907D7000BE37BB /* SettingsBundleSampleUITests.xctest */;
			productType = "com.apple.product-type.bundle.ui-testing";
		};
/* End PBXNativeTarget section */

/* Begin PBXProject section */
		8C59F2491F907D7000BE37BB /* Project object */ = {
			isa = PBXProject;
			attributes = {
				LastSwiftUpdateCheck = 0730;
				LastUpgradeCheck = 0730;
				ORGANIZATIONNAME = monkey;
				TargetAttributes = {
					8C59F2501F907D7000BE37BB = {
						CreatedOnToolsVersion = 7.3.1;
					};
					8C59F2641F907D7000BE37BB = {
						CreatedOnToolsVersion = 7.3.1;
						TestTargetID = 8C59F2501F907D7000BE37BB;
					};
					8C59F26F1F907D7000BE37BB = {
						CreatedOnToolsVersion = 7.3.1;
						TestTargetID = 8C59F2501F907D7000BE37BB;
					};
				};
			};
			buildConfigurationList = 8C59F24C1F907D7000BE37BB /* Build configuration list for PBXProject "SettingsBundleSample" */;
			compatibilityVersion = "Xcode 3.2";
			developmentRegion = English;
			hasScannedForEncodings = 0;
			knownRegions = (
				en,
				Base,
			);
			mainGroup = 8C59F2481F907D7000BE37BB;
			productRefGroup = 8C59F2521F907D7000BE37BB /* Products */;
			projectDirPath = "";
			projectRoot = "";
			targets = (
				8C59F2501F907D7000BE37BB /* SettingsBundleSample */,
				8C59F2641F907D7000BE37BB /* SettingsBundleSampleTests */,
				8C59F26F1F907D7000BE37BB /* SettingsBundleSampleUITests */,
			);
		};
/* End PBXProject section */

/* Begin PBXResourcesBuildPhase section */
		8C59F24F1F907D7000BE37BB /* Resources */ = {
			isa = PBXResourcesBuildPhase;
			buildActionMask = 2147483647;
			files = (
				8C59F2831F907DB900BE37BB /* Settings.bundle in Resources */,
				8C59F25F1F907D7000BE37BB /* LaunchScreen.storyboard in Resources */,
				8C59F25C1F907D7000BE37BB /* Assets.xcassets in Resources */,
				8C59F25A1F907D7000BE37BB /* Main.storyboard in Resources */,
			);
			runOnlyForDeploymentPostprocessing = 0;
		};
		8C59F2631F907D7000BE37BB /* Resources */ = {
			isa = PBXResourcesBuildPhase;
			buildActionMask = 2147483647;
			files = (
			);
			runOnlyForDeploymentPostprocessing = 0;
		};
		8C59F26E1F907D7000BE37BB /* Resources */ = {
			isa = PBXResourcesBuildPhase;
			buildActionMask = 2147483647;
			files = (
			);
			runOnlyForDeploymentPostprocessing = 0;
		};
/* End PBXResourcesBuildPhase section */

/* Begin PBXSourcesBuildPhase section */
		8C59F24D1F907D7000BE37BB /* Sources */ = {
			isa = PBXSourcesBuildPhase;
			buildActionMask = 2147483647;
			files = (
				8C59F2571F907D7000BE37BB /* ViewController.swift in Sources */,
				8C59F2551F907D7000BE37BB /* AppDelegate.swift in Sources */,
				8C59F2871F909BFA00BE37BB /* ViewController2.swift in Sources */,
			);
			runOnlyForDeploymentPostprocessing = 0;
		};
		8C59F2611F907D7000BE37BB /* Sources */ = {
			isa = PBXSourcesBuildPhase;
			buildActionMask = 2147483647;
			files = (
				8C59F26A1F907D7000BE37BB /* SettingsBundleSampleTests.swift in Sources */,
			);
			runOnlyForDeploymentPostprocessing = 0;
		};
		8C59F26C1F907D7000BE37BB /* Sources */ = {
			isa = PBXSourcesBuildPhase;
			buildActionMask = 2147483647;
			files = (
				8C59F2751F907D7000BE37BB /* SettingsBundleSampleUITests.swift in Sources */,
			);
			runOnlyForDeploymentPostprocessing = 0;
		};
/* End PBXSourcesBuildPhase section */

/* Begin PBXTargetDependency section */
		8C59F2671F907D7000BE37BB /* PBXTargetDependency */ = {
			isa = PBXTargetDependency;
			target = 8C59F2501F907D7000BE37BB /* SettingsBundleSample */;
			targetProxy = 8C59F2661F907D7000BE37BB /* PBXContainerItemProxy */;
		};
		8C59F2721F907D7000BE37BB /* PBXTargetDependency */ = {
			isa = PBXTargetDependency;
			target = 8C59F2501F907D7000BE37BB /* SettingsBundleSample */;
			targetProxy = 8C59F2711F907D7000BE37BB /* PBXContainerItemProxy */;
		};
/* End PBXTargetDependency section */

/* Begin PBXVariantGroup section */
		8C59F2581F907D7000BE37BB /* Main.storyboard */ = {
			isa = PBXVariantGroup;
			children = (
				8C59F2591F907D7000BE37BB /* Base */,
			);
			name = Main.storyboard;
			sourceTree = "<group>";
		};
		8C59F25D1F907D7000BE37BB /* LaunchScreen.storyboard */ = {
			isa = PBXVariantGroup;
			children = (
				8C59F25E1F907D7000BE37BB /* Base */,
			);
			name = LaunchScreen.storyboard;
			sourceTree = "<group>";
		};
/* End PBXVariantGroup section */

/* Begin XCBuildConfiguration section */
		8C59F2771F907D7000BE37BB /* Debug */ = {
			isa = XCBuildConfiguration;
			buildSettings = {
				ALWAYS_SEARCH_USER_PATHS = NO;
				CLANG_ANALYZER_NONNULL = YES;
				CLANG_CXX_LANGUAGE_STANDARD = "gnu++0x";
				CLANG_CXX_LIBRARY = "libc++";
				CLANG_ENABLE_MODULES = YES;
				CLANG_ENABLE_OBJC_ARC = YES;
				CLANG_WARN_BOOL_CONVERSION = YES;
				CLANG_WARN_CONSTANT_CONVERSION = YES;
				CLANG_WARN_DIRECT_OBJC_ISA_USAGE = YES_ERROR;
				CLANG_WARN_EMPTY_BODY = YES;
				CLANG_WARN_ENUM_CONVERSION = YES;
				CLANG_WARN_INT_CONVERSION = YES;
				CLANG_WARN_OBJC_ROOT_CLASS = YES_ERROR;
				CLANG_WARN_UNREACHABLE_CODE = YES;
				CLANG_WARN__DUPLICATE_METHOD_MATCH = YES;
				"CODE_SIGN_IDENTITY[sdk=iphoneos*]" = "iPhone Developer";
				COPY_PHASE_STRIP = NO;
				DEBUG_INFORMATION_FORMAT = dwarf;
				ENABLE_STRICT_OBJC_MSGSEND = YES;
				ENABLE_TESTABILITY = YES;
				GCC_C_LANGUAGE_STANDARD = gnu99;
				GCC_DYNAMIC_NO_PIC = NO;
				GCC_NO_COMMON_BLOCKS = YES;
				GCC_OPTIMIZATION_LEVEL = 0;
				GCC_PREPROCESSOR_DEFINITIONS = (
					"DEBUG=1",
					"$(inherited)",
				);
				GCC_WARN_64_TO_32_BIT_CONVERSION = YES;
				GCC_WARN_ABOUT_RETURN_TYPE = YES_ERROR;
				GCC_WARN_UNDECLARED_SELECTOR = YES;
				GCC_WARN_UNINITIALIZED_AUTOS = YES_AGGRESSIVE;
				GCC_WARN_UNUSED_FUNCTION = YES;
				GCC_WARN_UNUSED_VARIABLE = YES;
				IPHONEOS_DEPLOYMENT_TARGET = 7.0;
				MTL_ENABLE_DEBUG_INFO = YES;
				ONLY_ACTIVE_ARCH = YES;
				SDKROOT = iphoneos;
				SWIFT_OPTIMIZATION_LEVEL = "-Onone";
			};
			name = Debug;
		};
		8C59F2781F907D7000BE37BB /* Release */ = {
			isa = XCBuildConfiguration;
			buildSettings = {
				ALWAYS_SEARCH_USER_PATHS = NO;
				CLANG_ANALYZER_NONNULL = YES;
				CLANG_CXX_LANGUAGE_STANDARD = "gnu++0x";
				CLANG_CXX_LIBRARY = "libc++";
				CLANG_ENABLE_MODULES = YES;
				CLANG_ENABLE_OBJC_ARC = YES;
				CLANG_WARN_BOOL_CONVERSION = YES;
				CLANG_WARN_CONSTANT_CONVERSION = YES;
				CLANG_WARN_DIRECT_OBJC_ISA_USAGE = YES_ERROR;
				CLANG_WARN_EMPTY_BODY = YES;
				CLANG_WARN_ENUM_CONVERSION = YES;
				CLANG_WARN_INT_CONVERSION = YES;
				CLANG_WARN_OBJC_ROOT_CLASS = YES_ERROR;
				CLANG_WARN_UNREACHABLE_CODE = YES;
				CLANG_WARN__DUPLICATE_METHOD_MATCH = YES;
				"CODE_SIGN_IDENTITY[sdk=iphoneos*]" = "iPhone Developer";
				COPY_PHASE_STRIP = NO;
				DEBUG_INFORMATION_FORMAT = "dwarf-with-dsym";
				ENABLE_NS_ASSERTIONS = NO;
				ENABLE_STRICT_OBJC_MSGSEND = YES;
				GCC_C_LANGUAGE_STANDARD = gnu99;
				GCC_NO_COMMON_BLOCKS = YES;
				GCC_WARN_64_TO_32_BIT_CONVERSION = YES;
				GCC_WARN_ABOUT_RETURN_TYPE = YES_ERROR;
				GCC_WARN_UNDECLARED_SELECTOR = YES;
				GCC_WARN_UNINITIALIZED_AUTOS = YES_AGGRESSIVE;
				GCC_WARN_UNUSED_FUNCTION = YES;
				GCC_WARN_UNUSED_VARIABLE = YES;
				IPHONEOS_DEPLOYMENT_TARGET = 7.0;
				MTL_ENABLE_DEBUG_INFO = NO;
				SDKROOT = iphoneos;
				VALIDATE_PRODUCT = YES;
			};
			name = Release;
		};
		8C59F27A1F907D7000BE37BB /* Debug */ = {
			isa = XCBuildConfiguration;
			buildSettings = {
				ASSETCATALOG_COMPILER_APPICON_NAME = AppIcon;
				INFOPLIST_FILE = SettingsBundleSample/Info.plist;
				LD_RUNPATH_SEARCH_PATHS = "$(inherited) @executable_path/Frameworks";
				PRODUCT_BUNDLE_IDENTIFIER = com.monkey.SettingsBundleSample;
				PRODUCT_NAME = "$(TARGET_NAME)";
			};
			name = Debug;
		};
		8C59F27B1F907D7000BE37BB /* Release */ = {
			isa = XCBuildConfiguration;
			buildSettings = {
				ASSETCATALOG_COMPILER_APPICON_NAME = AppIcon;
				INFOPLIST_FILE = SettingsBundleSample/Info.plist;
				LD_RUNPATH_SEARCH_PATHS = "$(inherited) @executable_path/Frameworks";
				PRODUCT_BUNDLE_IDENTIFIER = com.monkey.SettingsBundleSample;
				PRODUCT_NAME = "$(TARGET_NAME)";
			};
			name = Release;
		};
		8C59F27D1F907D7000BE37BB /* Debug */ = {
			isa = XCBuildConfiguration;
			buildSettings = {
				BUNDLE_LOADER = "$(TEST_HOST)";
				INFOPLIST_FILE = SettingsBundleSampleTests/Info.plist;
				LD_RUNPATH_SEARCH_PATHS = "$(inherited) @executable_path/Frameworks @loader_path/Frameworks";
				PRODUCT_BUNDLE_IDENTIFIER = com.monkey.SettingsBundleSampleTests;
				PRODUCT_NAME = "$(TARGET_NAME)";
				TEST_HOST = "$(BUILT_PRODUCTS_DIR)/SettingsBundleSample.app/SettingsBundleSample";
			};
			name = Debug;
		};
		8C59F27E1F907D7000BE37BB /* Release */ = {
			isa = XCBuildConfiguration;
			buildSettings = {
				BUNDLE_LOADER = "$(TEST_HOST)";
				INFOPLIST_FILE = SettingsBundleSampleTests/Info.plist;
				LD_RUNPATH_SEARCH_PATHS = "$(inherited) @executable_path/Frameworks @loader_path/Frameworks";
				PRODUCT_BUNDLE_IDENTIFIER = com.monkey.SettingsBundleSampleTests;
				PRODUCT_NAME = "$(TARGET_NAME)";
				TEST_HOST = "$(BUILT_PRODUCTS_DIR)/SettingsBundleSample.app/SettingsBundleSample";
			};
			name = Release;
		};
		8C59F2801F907D7000BE37BB /* Debug */ = {
			isa = XCBuildConfiguration;
			buildSettings = {
				INFOPLIST_FILE = SettingsBundleSampleUITests/Info.plist;
				LD_RUNPATH_SEARCH_PATHS = "$(inherited) @executable_path/Frameworks @loader_path/Frameworks";
				PRODUCT_BUNDLE_IDENTIFIER = com.monkey.SettingsBundleSampleUITests;
				PRODUCT_NAME = "$(TARGET_NAME)";
				TEST_TARGET_NAME = SettingsBundleSample;
			};
			name = Debug;
		};
		8C59F2811F907D7000BE37BB /* Release */ = {
			isa = XCBuildConfiguration;
			buildSettings = {
				INFOPLIST_FILE = SettingsBundleSampleUITests/Info.plist;
				LD_RUNPATH_SEARCH_PATHS = "$(inherited) @executable_path/Frameworks @loader_path/Frameworks";
				PRODUCT_BUNDLE_IDENTIFIER = com.monkey.SettingsBundleSampleUITests;
				PRODUCT_NAME = "$(TARGET_NAME)";
				TEST_TARGET_NAME = SettingsBundleSample;
			};
			name = Release;
		};
/* End XCBuildConfiguration section */

/* Begin XCConfigurationList section */
		8C59F24C1F907D7000BE37BB /* Build configuration list for PBXProject "SettingsBundleSample" */ = {
			isa = XCConfigurationList;
			buildConfigurations = (
				8C59F2771F907D7000BE37BB /* Debug */,
				8C59F2781F907D7000BE37BB /* Release */,
			);
			defaultConfigurationIsVisible = 0;
			defaultConfigurationName = Release;
		};
		8C59F2791F907D7000BE37BB /* Build configuration list for PBXNativeTarget "SettingsBundleSample" */ = {
			isa = XCConfigurationList;
			buildConfigurations = (
				8C59F27A1F907D7000BE37BB /* Debug */,
				8C59F27B1F907D7000BE37BB /* Release */,
			);
			defaultConfigurationIsVisible = 0;
		};
		8C59F27C1F907D7000BE37BB /* Build configuration list for PBXNativeTarget "SettingsBundleSampleTests" */ = {
			isa = XCConfigurationList;
			buildConfigurations = (
				8C59F27D1F907D7000BE37BB /* Debug */,
				8C59F27E1F907D7000BE37BB /* Release */,
			);
			defaultConfigurationIsVisible = 0;
		};
		8C59F27F1F907D7000BE37BB /* Build configuration list for PBXNativeTarget "SettingsBundleSampleUITests" */ = {
			isa = XCConfigurationList;
			buildConfigurations = (
				8C59F2801F907D7000BE37BB /* Debug */,
				8C59F2811F907D7000BE37BB /* Release */,
			);
			defaultConfigurationIsVisible = 0;
		};
/* End XCConfigurationList section */
	};
	rootObject = 8C59F2491F907D7000BE37BB /* Project object */;
}
